
Microsoft Visual Studio Solution File, Format Version 12.00
# Visual Studio 14
VisualStudioVersion = 14.0.22129.1
MinimumVisualStudioVersion = 10.0.40219.1
Project("{2150E333-8FDC-42A3-9474-1A3956D46DE8}") = "src", "src", "{6DC8722E-5403-422B-AF32-EBC95967BF79}"
EndProject
Project("{8BB2217D-0F2D-49D1-97BC-3654ED321F3B}") = "WebApplication4", "src\WebApplication4\WebApplication4.kproj", "{35CA8A7F-17FF-4DBD-B184-EABCD57915C0}"
EndProject
Project("{2150E333-8FDC-42A3-9474-1A3956D46DE8}") = "Solution Items", "Solution Items", "{A7EC2DDC-84A6-408A-81F3-874973880D01}"
	ProjectSection(SolutionItems) = preProject
		global.json = global.json
	EndProjectSection
EndProject
Global
	GlobalSection(SolutionConfigurationPlatforms) = preSolution
		Debug|Any CPU = Debug|Any CPU
		Release|Any CPU = Release|Any CPU
	EndGlobalSection
	GlobalSection(ProjectConfigurationPlatforms) = postSolution
		{35CA8A7F-17FF-4DBD-B184-EABCD57915C0}.Debug|Any CPU.ActiveCfg = Debug|Any CPU
		{35CA8A7F-17FF-4DBD-B184-EABCD57915C0}.Debug|Any CPU.Build.0 = Debug|Any CPU
		{35CA8A7F-17FF-4DBD-B184-EABCD57915C0}.Release|Any CPU.ActiveCfg = Release|Any CPU
		{35CA8A7F-17FF-4DBD-B184-EABCD57915C0}.Release|Any CPU.Build.0 = Release|Any CPU
	EndGlobalSection
	GlobalSection(SolutionProperties) = preSolution
		HideSolutionNode = FALSE
	EndGlobalSection
	GlobalSection(NestedProjects) = preSolution
		{35CA8A7F-17FF-4DBD-B184-EABCD57915C0} = {6DC8722E-5403-422B-AF32-EBC95967BF79}
	EndGlobalSection
EndGlobal
